
Microsoft Visual Studio Solution File, Format Version 12.00
# Visual Studio Version 17
VisualStudioVersion = 17.1.32407.343
MinimumVisualStudioVersion = 10.0.40219.1
Project("{FAE04EC0-301F-11D3-BF4B-00C04F79EFBC}") = "SkillFactoryGit", "SkillFactoryGit\SkillFactoryGit.csproj", "{D8205881-B89A-455B-A46F-6637E0E5C323}"
EndProject
Global
	GlobalSection(SolutionConfigurationPlatforms) = preSolution
		Debug|Any CPU = Debug|Any CPU
		Release|Any CPU = Release|Any CPU
	EndGlobalSection
	GlobalSection(ProjectConfigurationPlatforms) = postSolution
		{D8205881-B89A-455B-A46F-6637E0E5C323}.Debug|Any CPU.ActiveCfg = Debug|Any CPU
		{D8205881-B89A-455B-A46F-6637E0E5C323}.Debug|Any CPU.Build.0 = Debug|Any CPU
		{D8205881-B89A-455B-A46F-6637E0E5C323}.Release|Any CPU.ActiveCfg = Release|Any CPU
		{D8205881-B89A-455B-A46F-6637E0E5C323}.Release|Any CPU.Build.0 = Release|Any CPU
	EndGlobalSection
	GlobalSection(SolutionProperties) = preSolution
		HideSolutionNode = FALSE
	EndGlobalSection
	GlobalSection(ExtensibilityGlobals) = postSolution
		SolutionGuid = {C41689CF-8044-441E-939D-DC446B75F50C}
	EndGlobalSection
EndGlobal
